
Microsoft Visual Studio Solution File, Format Version 12.00
# Visual Studio Version 17
VisualStudioVersion = 17.13.35828.75
MinimumVisualStudioVersion = 10.0.40219.1
Project("{FAE04EC0-301F-11D3-BF4B-00C04F79EFBC}") = "Obligatorio", "Obligatorio\Obligatorio.csproj", "{E244846A-E41D-404B-9729-24F7B024394C}"
EndProject
Project("{FAE04EC0-301F-11D3-BF4B-00C04F79EFBC}") = "Dominio", "Dominio\Dominio.csproj", "{28951B72-0E77-4543-AFEE-6C20D16C9091}"
EndProject
Global
	GlobalSection(SolutionConfigurationPlatforms) = preSolution
		Debug|Any CPU = Debug|Any CPU
		Release|Any CPU = Release|Any CPU
	EndGlobalSection
	GlobalSection(ProjectConfigurationPlatforms) = postSolution
		{E244846A-E41D-404B-9729-24F7B024394C}.Debug|Any CPU.ActiveCfg = Debug|Any CPU
		{E244846A-E41D-404B-9729-24F7B024394C}.Debug|Any CPU.Build.0 = Debug|Any CPU
		{E244846A-E41D-404B-9729-24F7B024394C}.Release|Any CPU.ActiveCfg = Release|Any CPU
		{E244846A-E41D-404B-9729-24F7B024394C}.Release|Any CPU.Build.0 = Release|Any CPU
		{28951B72-0E77-4543-AFEE-6C20D16C9091}.Debug|Any CPU.ActiveCfg = Debug|Any CPU
		{28951B72-0E77-4543-AFEE-6C20D16C9091}.Debug|Any CPU.Build.0 = Debug|Any CPU
		{28951B72-0E77-4543-AFEE-6C20D16C9091}.Release|Any CPU.ActiveCfg = Release|Any CPU
		{28951B72-0E77-4543-AFEE-6C20D16C9091}.Release|Any CPU.Build.0 = Release|Any CPU
	EndGlobalSection
	GlobalSection(SolutionProperties) = preSolution
		HideSolutionNode = FALSE
	EndGlobalSection
	GlobalSection(ExtensibilityGlobals) = postSolution
		SolutionGuid = {7DE5C14E-22D9-40DE-BA06-0C137DA01040}
	EndGlobalSection
EndGlobal
